
Microsoft Visual Studio Solution File, Format Version 12.00
# Visual Studio Version 17
VisualStudioVersion = 17.13.35828.75 d17.13
MinimumVisualStudioVersion = 10.0.40219.1
Project("{FAE04EC0-301F-11D3-BF4B-00C04F79EFBC}") = "B_UTS_PBO_Moh. Raffel Prajadinata_2025", "B_UTS_PBO_Moh. Raffel Prajadinata_2025\B_UTS_PBO_Moh. Raffel Prajadinata_2025.csproj", "{8DE6D3D3-DD8D-4079-86FB-2FB9506FB09F}"
EndProject
Global
	GlobalSection(SolutionConfigurationPlatforms) = preSolution
		Debug|Any CPU = Debug|Any CPU
		Release|Any CPU = Release|Any CPU
	EndGlobalSection
	GlobalSection(ProjectConfigurationPlatforms) = postSolution
		{8DE6D3D3-DD8D-4079-86FB-2FB9506FB09F}.Debug|Any CPU.ActiveCfg = Debug|Any CPU
		{8DE6D3D3-DD8D-4079-86FB-2FB9506FB09F}.Debug|Any CPU.Build.0 = Debug|Any CPU
		{8DE6D3D3-DD8D-4079-86FB-2FB9506FB09F}.Release|Any CPU.ActiveCfg = Release|Any CPU
		{8DE6D3D3-DD8D-4079-86FB-2FB9506FB09F}.Release|Any CPU.Build.0 = Release|Any CPU
	EndGlobalSection
	GlobalSection(SolutionProperties) = preSolution
		HideSolutionNode = FALSE
	EndGlobalSection
	GlobalSection(ExtensibilityGlobals) = postSolution
		SolutionGuid = {4EBF1071-63B6-40D9-A985-A6B2654E0A97}
	EndGlobalSection
EndGlobal
